
Microsoft Visual Studio Solution File, Format Version 12.00
# Visual Studio Version 17
VisualStudioVersion = 17.2.32526.322
MinimumVisualStudioVersion = 10.0.40219.1
Project("{FAE04EC0-301F-11D3-BF4B-00C04F79EFBC}") = "StudentPortfolio", "StudentPortfolio\StudentPortfolio.csproj", "{79529241-4EDF-461B-A049-29CB77BBBCAC}"
EndProject
Global
	GlobalSection(SolutionConfigurationPlatforms) = preSolution
		Debug|Any CPU = Debug|Any CPU
		Release|Any CPU = Release|Any CPU
	EndGlobalSection
	GlobalSection(ProjectConfigurationPlatforms) = postSolution
		{79529241-4EDF-461B-A049-29CB77BBBCAC}.Debug|Any CPU.ActiveCfg = Debug|Any CPU
		{79529241-4EDF-461B-A049-29CB77BBBCAC}.Debug|Any CPU.Build.0 = Debug|Any CPU
		{79529241-4EDF-461B-A049-29CB77BBBCAC}.Release|Any CPU.ActiveCfg = Release|Any CPU
		{79529241-4EDF-461B-A049-29CB77BBBCAC}.Release|Any CPU.Build.0 = Release|Any CPU
	EndGlobalSection
	GlobalSection(SolutionProperties) = preSolution
		HideSolutionNode = FALSE
	EndGlobalSection
	GlobalSection(ExtensibilityGlobals) = postSolution
		SolutionGuid = {A981367B-40DD-471A-AC89-D4D8F3095E41}
	EndGlobalSection
EndGlobal
